
Microsoft Visual Studio Solution File, Format Version 11.00
# Visual Studio 2010
Project("{888888A0-9F3D-457C-B088-3A5042F75D52}") = "GacUpdater", "GacUpdater\GacUpdater.pyproj", "{EA55F4B3-09F0-4B8F-BB2B-4BB0DF43F5D8}"
EndProject
Global
	GlobalSection(SolutionConfigurationPlatforms) = preSolution
		Debug|Any CPU = Debug|Any CPU
		Release|Any CPU = Release|Any CPU
	EndGlobalSection
	GlobalSection(ProjectConfigurationPlatforms) = postSolution
		{EA55F4B3-09F0-4B8F-BB2B-4BB0DF43F5D8}.Debug|Any CPU.ActiveCfg = Debug|Any CPU
		{EA55F4B3-09F0-4B8F-BB2B-4BB0DF43F5D8}.Debug|Any CPU.Build.0 = Debug|Any CPU
		{EA55F4B3-09F0-4B8F-BB2B-4BB0DF43F5D8}.Release|Any CPU.ActiveCfg = Release|Any CPU
		{EA55F4B3-09F0-4B8F-BB2B-4BB0DF43F5D8}.Release|Any CPU.Build.0 = Release|Any CPU
	EndGlobalSection
	GlobalSection(SolutionProperties) = preSolution
		HideSolutionNode = FALSE
	EndGlobalSection
EndGlobal
